
Microsoft Visual Studio Solution File, Format Version 12.00
# Visual Studio Version 16
VisualStudioVersion = 16.0.31624.102
MinimumVisualStudioVersion = 10.0.40219.1
Project("{FAE04EC0-301F-11D3-BF4B-00C04F79EFBC}") = "snake_and_ladder", "snake_and_ladder\snake_and_ladder.csproj", "{DFF72DDF-C303-472B-9B2E-D7F838C2321C}"
EndProject
Global
	GlobalSection(SolutionConfigurationPlatforms) = preSolution
		Debug|Any CPU = Debug|Any CPU
		Release|Any CPU = Release|Any CPU
	EndGlobalSection
	GlobalSection(ProjectConfigurationPlatforms) = postSolution
		{DFF72DDF-C303-472B-9B2E-D7F838C2321C}.Debug|Any CPU.ActiveCfg = Debug|Any CPU
		{DFF72DDF-C303-472B-9B2E-D7F838C2321C}.Debug|Any CPU.Build.0 = Debug|Any CPU
		{DFF72DDF-C303-472B-9B2E-D7F838C2321C}.Release|Any CPU.ActiveCfg = Release|Any CPU
		{DFF72DDF-C303-472B-9B2E-D7F838C2321C}.Release|Any CPU.Build.0 = Release|Any CPU
	EndGlobalSection
	GlobalSection(SolutionProperties) = preSolution
		HideSolutionNode = FALSE
	EndGlobalSection
	GlobalSection(ExtensibilityGlobals) = postSolution
		SolutionGuid = {4B2E8ADA-D86A-4015-B8E4-DFED8EAF79AE}
	EndGlobalSection
EndGlobal
